// !$*UTF8*$!
{
	archiveVersion = 1;
	classes = {
	};
	objectVersion = 56;
	objects = {

/* Begin PBXBuildFile section */
		C103A23129DBE65B00413799 /* User.swift in Sources */ = {isa = PBXBuildFile; fileRef = C103A23029DBE65B00413799 /* User.swift */; };
		C103A23329DBEB0E00413799 /* Post.swift in Sources */ = {isa = PBXBuildFile; fileRef = C103A23229DBEB0E00413799 /* Post.swift */; };
		C103A23529DBEB4400413799 /* PostCell.swift in Sources */ = {isa = PBXBuildFile; fileRef = C103A23429DBEB4400413799 /* PostCell.swift */; };
		C103A23829DBEC3C00413799 /* Alamofire in Frameworks */ = {isa = PBXBuildFile; productRef = C103A23729DBEC3C00413799 /* Alamofire */; };
		C103A23B29DBEC4900413799 /* AlamofireImage in Frameworks */ = {isa = PBXBuildFile; productRef = C103A23A29DBEC4900413799 /* AlamofireImage */; };
		C12ACC1529DB479C002604B8 /* ParseSwift in Frameworks */ = {isa = PBXBuildFile; productRef = C12ACC1429DB479C002604B8 /* ParseSwift */; };
		C1540BED29D2D235004222AE /* FeedViewController.swift in Sources */ = {isa = PBXBuildFile; fileRef = C1540BEC29D2D235004222AE /* FeedViewController.swift */; };
		C1540BEF29D2D285004222AE /* PostViewController.swift in Sources */ = {isa = PBXBuildFile; fileRef = C1540BEE29D2D285004222AE /* PostViewController.swift */; };
		C17851B929D2CD4E00E6B440 /* AppDelegate.swift in Sources */ = {isa = PBXBuildFile; fileRef = C17851B829D2CD4E00E6B440 /* AppDelegate.swift */; };
		C17851BB29D2CD4E00E6B440 /* SceneDelegate.swift in Sources */ = {isa = PBXBuildFile; fileRef = C17851BA29D2CD4E00E6B440 /* SceneDelegate.swift */; };
		C17851BD29D2CD4E00E6B440 /* LoginViewController.swift in Sources */ = {isa = PBXBuildFile; fileRef = C17851BC29D2CD4E00E6B440 /* LoginViewController.swift */; };
		C17851C029D2CD4E00E6B440 /* Main.storyboard in Resources */ = {isa = PBXBuildFile; fileRef = C17851BE29D2CD4E00E6B440 /* Main.storyboard */; };
		C17851C229D2CD5000E6B440 /* Assets.xcassets in Resources */ = {isa = PBXBuildFile; fileRef = C17851C129D2CD5000E6B440 /* Assets.xcassets */; };
		C17851C529D2CD5000E6B440 /* LaunchScreen.storyboard in Resources */ = {isa = PBXBuildFile; fileRef = C17851C329D2CD5000E6B440 /* LaunchScreen.storyboard */; };
		C17851D129D2D0E200E6B440 /* SignUpViewController.swift in Sources */ = {isa = PBXBuildFile; fileRef = C17851D029D2D0E200E6B440 /* SignUpViewController.swift */; };
/* End PBXBuildFile section */

/* Begin PBXFileReference section */
		C103A23029DBE65B00413799 /* User.swift */ = {isa = PBXFileReference; lastKnownFileType = sourcecode.swift; path = User.swift; sourceTree = "<group>"; };
		C103A23229DBEB0E00413799 /* Post.swift */ = {isa = PBXFileReference; lastKnownFileType = sourcecode.swift; path = Post.swift; sourceTree = "<group>"; };
		C103A23429DBEB4400413799 /* PostCell.swift */ = {isa = PBXFileReference; lastKnownFileType = sourcecode.swift; path = PostCell.swift; sourceTree = "<group>"; };
		C1540BEC29D2D235004222AE /* FeedViewController.swift */ = {isa = PBXFileReference; lastKnownFileType = sourcecode.swift; path = FeedViewController.swift; sourceTree = "<group>"; };
		C1540BEE29D2D285004222AE /* PostViewController.swift */ = {isa = PBXFileReference; lastKnownFileType = sourcecode.swift; path = PostViewController.swift; sourceTree = "<group>"; };
		C17851B529D2CD4E00E6B440 /* BeReal.app */ = {isa = PBXFileReference; explicitFileType = wrapper.application; includeInIndex = 0; path = BeReal.app; sourceTree = BUILT_PRODUCTS_DIR; };
		C17851B829D2CD4E00E6B440 /* AppDelegate.swift */ = {isa = PBXFileReference; lastKnownFileType = sourcecode.swift; path = AppDelegate.swift; sourceTree = "<group>"; };
		C17851BA29D2CD4E00E6B440 /* SceneDelegate.swift */ = {isa = PBXFileReference; lastKnownFileType = sourcecode.swift; path = SceneDelegate.swift; sourceTree = "<group>"; };
		C17851BC29D2CD4E00E6B440 /* LoginViewController.swift */ = {isa = PBXFileReference; lastKnownFileType = sourcecode.swift; path = LoginViewController.swift; sourceTree = "<group>"; };
		C17851BF29D2CD4E00E6B440 /* Base */ = {isa = PBXFileReference; lastKnownFileType = file.storyboard; name = Base; path = Base.lproj/Main.storyboard; sourceTree = "<group>"; };
		C17851C129D2CD5000E6B440 /* Assets.xcassets */ = {isa = PBXFileReference; lastKnownFileType = folder.assetcatalog; path = Assets.xcassets; sourceTree = "<group>"; };
		C17851C429D2CD5000E6B440 /* Base */ = {isa = PBXFileReference; lastKnownFileType = file.storyboard; name = Base; path = Base.lproj/LaunchScreen.storyboard; sourceTree = "<group>"; };
		C17851C629D2CD5000E6B440 /* Info.plist */ = {isa = PBXFileReference; lastKnownFileType = text.plist.xml; path = Info.plist; sourceTree = "<group>"; };
		C17851D029D2D0E200E6B440 /* SignUpViewController.swift */ = {isa = PBXFileReference; lastKnownFileType = sourcecode.swift; path = SignUpViewController.swift; sourceTree = "<group>"; };
/* End PBXFileReference section */

/* Begin PBXFrameworksBuildPhase section */
		C17851B229D2CD4E00E6B440 /* Frameworks */ = {
			isa = PBXFrameworksBuildPhase;
			buildActionMask = 2147483647;
			files = (
				C12ACC1529DB479C002604B8 /* ParseSwift in Frameworks */,
				C103A23829DBEC3C00413799 /* Alamofire in Frameworks */,
				C103A23B29DBEC4900413799 /* AlamofireImage in Frameworks */,
			);
			runOnlyForDeploymentPostprocessing = 0;
		};
/* End PBXFrameworksBuildPhase section */

/* Begin PBXGroup section */
		C17851AC29D2CD4E00E6B440 = {
			isa = PBXGroup;
			children = (
				C17851B729D2CD4E00E6B440 /* BeReal */,
				C17851B629D2CD4E00E6B440 /* Products */,
			);
			sourceTree = "<group>";
		};
		C17851B629D2CD4E00E6B440 /* Products */ = {
			isa = PBXGroup;
			children = (
				C17851B529D2CD4E00E6B440 /* BeReal.app */,
			);
			name = Products;
			sourceTree = "<group>";
		};
		C17851B729D2CD4E00E6B440 /* BeReal */ = {
			isa = PBXGroup;
			children = (
				C17851B829D2CD4E00E6B440 /* AppDelegate.swift */,
				C17851BA29D2CD4E00E6B440 /* SceneDelegate.swift */,
				C17851CC29D2CE9000E6B440 /* Models */,
				C17851CD29D2CEA500E6B440 /* Login */,
				C17851CE29D2CEAE00E6B440 /* Feed */,
				C17851CF29D2CEBA00E6B440 /* Post */,
				C17851BE29D2CD4E00E6B440 /* Main.storyboard */,
				C17851C129D2CD5000E6B440 /* Assets.xcassets */,
				C17851C329D2CD5000E6B440 /* LaunchScreen.storyboard */,
				C17851C629D2CD5000E6B440 /* Info.plist */,
			);
			path = BeReal;
			sourceTree = "<group>";
		};
		C17851CC29D2CE9000E6B440 /* Models */ = {
			isa = PBXGroup;
			children = (
				C103A23029DBE65B00413799 /* User.swift */,
				C103A23229DBEB0E00413799 /* Post.swift */,
			);
			path = Models;
			sourceTree = "<group>";
		};
		C17851CD29D2CEA500E6B440 /* Login */ = {
			isa = PBXGroup;
			children = (
				C17851BC29D2CD4E00E6B440 /* LoginViewController.swift */,
				C17851D029D2D0E200E6B440 /* SignUpViewController.swift */,
			);
			path = Login;
			sourceTree = "<group>";
		};
		C17851CE29D2CEAE00E6B440 /* Feed */ = {
			isa = PBXGroup;
			children = (
				C1540BEC29D2D235004222AE /* FeedViewController.swift */,
				C103A23429DBEB4400413799 /* PostCell.swift */,
			);
			path = Feed;
			sourceTree = "<group>";
		};
		C17851CF29D2CEBA00E6B440 /* Post */ = {
			isa = PBXGroup;
			children = (
				C1540BEE29D2D285004222AE /* PostViewController.swift */,
			);
			path = Post;
			sourceTree = "<group>";
		};
/* End PBXGroup section */

/* Begin PBXNativeTarget section */
		C17851B429D2CD4E00E6B440 /* BeReal */ = {
			isa = PBXNativeTarget;
			buildConfigurationList = C17851C929D2CD5000E6B440 /* Build configuration list for PBXNativeTarget "BeReal" */;
			buildPhases = (
				C17851B129D2CD4E00E6B440 /* Sources */,
				C17851B229D2CD4E00E6B440 /* Frameworks */,
				C17851B329D2CD4E00E6B440 /* Resources */,
			);
			buildRules = (
			);
			dependencies = (
			);
			name = BeReal;
			packageProductDependencies = (
				C12ACC1429DB479C002604B8 /* ParseSwift */,
				C103A23729DBEC3C00413799 /* Alamofire */,
				C103A23A29DBEC4900413799 /* AlamofireImage */,
			);
			productName = BeReal;
			productReference = C17851B529D2CD4E00E6B440 /* BeReal.app */;
			productType = "com.apple.product-type.application";
		};
/* End PBXNativeTarget section */

/* Begin PBXProject section */
		C17851AD29D2CD4E00E6B440 /* Project object */ = {
			isa = PBXProject;
			attributes = {
				BuildIndependentTargetsInParallel = 1;
				LastSwiftUpdateCheck = 1420;
				LastUpgradeCheck = 1420;
				TargetAttributes = {
					C17851B429D2CD4E00E6B440 = {
						CreatedOnToolsVersion = 14.2;
					};
				};
			};
			buildConfigurationList = C17851B029D2CD4E00E6B440 /* Build configuration list for PBXProject "BeReal" */;
			compatibilityVersion = "Xcode 14.0";
			developmentRegion = en;
			hasScannedForEncodings = 0;
			knownRegions = (
				en,
				Base,
			);
			mainGroup = C17851AC29D2CD4E00E6B440;
			packageReferences = (
				C12ACC1329DB479C002604B8 /* XCRemoteSwiftPackageReference "Parse-Swift" */,
				C103A23629DBEC3C00413799 /* XCRemoteSwiftPackageReference "Alamofire" */,
				C103A23929DBEC4900413799 /* XCRemoteSwiftPackageReference "AlamofireImage" */,
			);
			productRefGroup = C17851B629D2CD4E00E6B440 /* Products */;
			projectDirPath = "";
			projectRoot = "";
			targets = (
				C17851B429D2CD4E00E6B440 /* BeReal */,
			);
		};
/* End PBXProject section */

/* Begin PBXResourcesBuildPhase section */
		C17851B329D2CD4E00E6B440 /* Resources */ = {
			isa = PBXResourcesBuildPhase;
			buildActionMask = 2147483647;
			files = (
				C17851C529D2CD5000E6B440 /* LaunchScreen.storyboard in Resources */,
				C17851C229D2CD5000E6B440 /* Assets.xcassets in Resources */,
				C17851C029D2CD4E00E6B440 /* Main.storyboard in Resources */,
			);
			runOnlyForDeploymentPostprocessing = 0;
		};
/* End PBXResourcesBuildPhase section */

/* Begin PBXSourcesBuildPhase section */
		C17851B129D2CD4E00E6B440 /* Sources */ = {
			isa = PBXSourcesBuildPhase;
			buildActionMask = 2147483647;
			files = (
				C1540BEF29D2D285004222AE /* PostViewController.swift in Sources */,
				C17851BD29D2CD4E00E6B440 /* LoginViewController.swift in Sources */,
				C17851B929D2CD4E00E6B440 /* AppDelegate.swift in Sources */,
				C103A23329DBEB0E00413799 /* Post.swift in Sources */,
				C1540BED29D2D235004222AE /* FeedViewController.swift in Sources */,
				C103A23529DBEB4400413799 /* PostCell.swift in Sources */,
				C17851D129D2D0E200E6B440 /* SignUpViewController.swift in Sources */,
				C17851BB29D2CD4E00E6B440 /* SceneDelegate.swift in Sources */,
				C103A23129DBE65B00413799 /* User.swift in Sources */,
			);
			runOnlyForDeploymentPostprocessing = 0;
		};
/* End PBXSourcesBuildPhase section */

/* Begin PBXVariantGroup section */
		C17851BE29D2CD4E00E6B440 /* Main.storyboard */ = {
			isa = PBXVariantGroup;
			children = (
				C17851BF29D2CD4E00E6B440 /* Base */,
			);
			name = Main.storyboard;
			sourceTree = "<group>";
		};
		C17851C329D2CD5000E6B440 /* LaunchScreen.storyboard */ = {
			isa = PBXVariantGroup;
			children = (
				C17851C429D2CD5000E6B440 /* Base */,
			);
			name = LaunchScreen.storyboard;
			sourceTree = "<group>";
		};
/* End PBXVariantGroup section */

/* Begin XCBuildConfiguration section */
		C17851C729D2CD5000E6B440 /* Debug */ = {
			isa = XCBuildConfiguration;
			buildSettings = {
				ALWAYS_SEARCH_USER_PATHS = NO;
				CLANG_ANALYZER_NONNULL = YES;
				CLANG_ANALYZER_NUMBER_OBJECT_CONVERSION = YES_AGGRESSIVE;
				CLANG_CXX_LANGUAGE_STANDARD = "gnu++20";
				CLANG_ENABLE_MODULES = YES;
				CLANG_ENABLE_OBJC_ARC = YES;
				CLANG_ENABLE_OBJC_WEAK = YES;
				CLANG_WARN_BLOCK_CAPTURE_AUTORELEASING = YES;
				CLANG_WARN_BOOL_CONVERSION = YES;
				CLANG_WARN_COMMA = YES;
				CLANG_WARN_CONSTANT_CONVERSION = YES;
				CLANG_WARN_DEPRECATED_OBJC_IMPLEMENTATIONS = YES;
				CLANG_WARN_DIRECT_OBJC_ISA_USAGE = YES_ERROR;
				CLANG_WARN_DOCUMENTATION_COMMENTS = YES;
				CLANG_WARN_EMPTY_BODY = YES;
				CLANG_WARN_ENUM_CONVERSION = YES;
				CLANG_WARN_INFINITE_RECURSION = YES;
				CLANG_WARN_INT_CONVERSION = YES;
				CLANG_WARN_NON_LITERAL_NULL_CONVERSION = YES;
				CLANG_WARN_OBJC_IMPLICIT_RETAIN_SELF = YES;
				CLANG_WARN_OBJC_LITERAL_CONVERSION = YES;
				CLANG_WARN_OBJC_ROOT_CLASS = YES_ERROR;
				CLANG_WARN_QUOTED_INCLUDE_IN_FRAMEWORK_HEADER = YES;
				CLANG_WARN_RANGE_LOOP_ANALYSIS = YES;
				CLANG_WARN_STRICT_PROTOTYPES = YES;
				CLANG_WARN_SUSPICIOUS_MOVE = YES;
				CLANG_WARN_UNGUARDED_AVAILABILITY = YES_AGGRESSIVE;
				CLANG_WARN_UNREACHABLE_CODE = YES;
				CLANG_WARN__DUPLICATE_METHOD_MATCH = YES;
				COPY_PHASE_STRIP = NO;
				DEBUG_INFORMATION_FORMAT = dwarf;
				ENABLE_STRICT_OBJC_MSGSEND = YES;
				ENABLE_TESTABILITY = YES;
				GCC_C_LANGUAGE_STANDARD = gnu11;
				GCC_DYNAMIC_NO_PIC = NO;
				GCC_NO_COMMON_BLOCKS = YES;
				GCC_OPTIMIZATION_LEVEL = 0;
				GCC_PREPROCESSOR_DEFINITIONS = (
					"DEBUG=1",
					"$(inherited)",
				);
				GCC_WARN_64_TO_32_BIT_CONVERSION = YES;
				GCC_WARN_ABOUT_RETURN_TYPE = YES_ERROR;
				GCC_WARN_UNDECLARED_SELECTOR = YES;
				GCC_WARN_UNINITIALIZED_AUTOS = YES_AGGRESSIVE;
				GCC_WARN_UNUSED_FUNCTION = YES;
				GCC_WARN_UNUSED_VARIABLE = YES;
				IPHONEOS_DEPLOYMENT_TARGET = 16.2;
				MTL_ENABLE_DEBUG_INFO = INCLUDE_SOURCE;
				MTL_FAST_MATH = YES;
				ONLY_ACTIVE_ARCH = YES;
				SDKROOT = iphoneos;
				SWIFT_ACTIVE_COMPILATION_CONDITIONS = DEBUG;
				SWIFT_OPTIMIZATION_LEVEL = "-Onone";
			};
			name = Debug;
		};
		C17851C829D2CD5000E6B440 /* Release */ = {
			isa = XCBuildConfiguration;
			buildSettings = {
				ALWAYS_SEARCH_USER_PATHS = NO;
				CLANG_ANALYZER_NONNULL = YES;
				CLANG_ANALYZER_NUMBER_OBJECT_CONVERSION = YES_AGGRESSIVE;
				CLANG_CXX_LANGUAGE_STANDARD = "gnu++20";
				CLANG_ENABLE_MODULES = YES;
				CLANG_ENABLE_OBJC_ARC = YES;
				CLANG_ENABLE_OBJC_WEAK = YES;
				CLANG_WARN_BLOCK_CAPTURE_AUTORELEASING = YES;
				CLANG_WARN_BOOL_CONVERSION = YES;
				CLANG_WARN_COMMA = YES;
				CLANG_WARN_CONSTANT_CONVERSION = YES;
				CLANG_WARN_DEPRECATED_OBJC_IMPLEMENTATIONS = YES;
				CLANG_WARN_DIRECT_OBJC_ISA_USAGE = YES_ERROR;
				CLANG_WARN_DOCUMENTATION_COMMENTS = YES;
				CLANG_WARN_EMPTY_BODY = YES;
				CLANG_WARN_ENUM_CONVERSION = YES;
				CLANG_WARN_INFINITE_RECURSION = YES;
				CLANG_WARN_INT_CONVERSION = YES;
				CLANG_WARN_NON_LITERAL_NULL_CONVERSION = YES;
				CLANG_WARN_OBJC_IMPLICIT_RETAIN_SELF = YES;
				CLANG_WARN_OBJC_LITERAL_CONVERSION = YES;
				CLANG_WARN_OBJC_ROOT_CLASS = YES_ERROR;
				CLANG_WARN_QUOTED_INCLUDE_IN_FRAMEWORK_HEADER = YES;
				CLANG_WARN_RANGE_LOOP_ANALYSIS = YES;
				CLANG_WARN_STRICT_PROTOTYPES = YES;
				CLANG_WARN_SUSPICIOUS_MOVE = YES;
				CLANG_WARN_UNGUARDED_AVAILABILITY = YES_AGGRESSIVE;
				CLANG_WARN_UNREACHABLE_CODE = YES;
				CLANG_WARN__DUPLICATE_METHOD_MATCH = YES;
				COPY_PHASE_STRIP = NO;
				DEBUG_INFORMATION_FORMAT = "dwarf-with-dsym";
				ENABLE_NS_ASSERTIONS = NO;
				ENABLE_STRICT_OBJC_MSGSEND = YES;
				GCC_C_LANGUAGE_STANDARD = gnu11;
				GCC_NO_COMMON_BLOCKS = YES;
				GCC_WARN_64_TO_32_BIT_CONVERSION = YES;
				GCC_WARN_ABOUT_RETURN_TYPE = YES_ERROR;
				GCC_WARN_UNDECLARED_SELECTOR = YES;
				GCC_WARN_UNINITIALIZED_AUTOS = YES_AGGRESSIVE;
				GCC_WARN_UNUSED_FUNCTION = YES;
				GCC_WARN_UNUSED_VARIABLE = YES;
				IPHONEOS_DEPLOYMENT_TARGET = 16.2;
				MTL_ENABLE_DEBUG_INFO = NO;
				MTL_FAST_MATH = YES;
				SDKROOT = iphoneos;
				SWIFT_COMPILATION_MODE = wholemodule;
				SWIFT_OPTIMIZATION_LEVEL = "-O";
				VALIDATE_PRODUCT = YES;
			};
			name = Release;
		};
		C17851CA29D2CD5000E6B440 /* Debug */ = {
			isa = XCBuildConfiguration;
			buildSettings = {
				ASSETCATALOG_COMPILER_APPICON_NAME = AppIcon;
				ASSETCATALOG_COMPILER_GLOBAL_ACCENT_COLOR_NAME = AccentColor;
				CODE_SIGN_STYLE = Automatic;
				CURRENT_PROJECT_VERSION = 1;
				DEVELOPMENT_TEAM = 6D5WD37LNF;
				GENERATE_INFOPLIST_FILE = YES;
				INFOPLIST_FILE = BeReal/Info.plist;
				INFOPLIST_KEY_UIApplicationSupportsIndirectInputEvents = YES;
				INFOPLIST_KEY_UILaunchStoryboardName = LaunchScreen;
				INFOPLIST_KEY_UIMainStoryboardFile = Main;
				INFOPLIST_KEY_UISupportedInterfaceOrientations_iPad = "UIInterfaceOrientationPortrait UIInterfaceOrientationPortraitUpsideDown UIInterfaceOrientationLandscapeLeft UIInterfaceOrientationLandscapeRight";
				INFOPLIST_KEY_UISupportedInterfaceOrientations_iPhone = "UIInterfaceOrientationPortrait UIInterfaceOrientationLandscapeLeft UIInterfaceOrientationLandscapeRight";
				LD_RUNPATH_SEARCH_PATHS = (
					"$(inherited)",
					"@executable_path/Frameworks",
				);
				MARKETING_VERSION = 1.0;
				PRODUCT_BUNDLE_IDENTIFIER = "Kelly-Bonilla-Guzman.BeReal";
				PRODUCT_NAME = "$(TARGET_NAME)";
				SWIFT_EMIT_LOC_STRINGS = YES;
				SWIFT_VERSION = 5.0;
				TARGETED_DEVICE_FAMILY = "1,2";
			};
			name = Debug;
		};
		C17851CB29D2CD5000E6B440 /* Release */ = {
			isa = XCBuildConfiguration;
			buildSettings = {
				ASSETCATALOG_COMPILER_APPICON_NAME = AppIcon;
				ASSETCATALOG_COMPILER_GLOBAL_ACCENT_COLOR_NAME = AccentColor;
				CODE_SIGN_STYLE = Automatic;
				CURRENT_PROJECT_VERSION = 1;
				DEVELOPMENT_TEAM = 6D5WD37LNF;
				GENERATE_INFOPLIST_FILE = YES;
				INFOPLIST_FILE = BeReal/Info.plist;
				INFOPLIST_KEY_UIApplicationSupportsIndirectInputEvents = YES;
				INFOPLIST_KEY_UILaunchStoryboardName = LaunchScreen;
				INFOPLIST_KEY_UIMainStoryboardFile = Main;
				INFOPLIST_KEY_UISupportedInterfaceOrientations_iPad = "UIInterfaceOrientationPortrait UIInterfaceOrientationPortraitUpsideDown UIInterfaceOrientationLandscapeLeft UIInterfaceOrientationLandscapeRight";
				INFOPLIST_KEY_UISupportedInterfaceOrientations_iPhone = "UIInterfaceOrientationPortrait UIInterfaceOrientationLandscapeLeft UIInterfaceOrientationLandscapeRight";
				LD_RUNPATH_SEARCH_PATHS = (
					"$(inherited)",
					"@executable_path/Frameworks",
				);
				MARKETING_VERSION = 1.0;
				PRODUCT_BUNDLE_IDENTIFIER = "Kelly-Bonilla-Guzman.BeReal";
				PRODUCT_NAME = "$(TARGET_NAME)";
				SWIFT_EMIT_LOC_STRINGS = YES;
				SWIFT_VERSION = 5.0;
				TARGETED_DEVICE_FAMILY = "1,2";
			};
			name = Release;
		};
/* End XCBuildConfiguration section */

/* Begin XCConfigurationList section */
		C17851B029D2CD4E00E6B440 /* Build configuration list for PBXProject "BeReal" */ = {
			isa = XCConfigurationList;
			buildConfigurations = (
				C17851C729D2CD5000E6B440 /* Debug */,
				C17851C829D2CD5000E6B440 /* Release */,
			);
			defaultConfigurationIsVisible = 0;
			defaultConfigurationName = Release;
		};
		C17851C929D2CD5000E6B440 /* Build configuration list for PBXNativeTarget "BeReal" */ = {
			isa = XCConfigurationList;
			buildConfigurations = (
				C17851CA29D2CD5000E6B440 /* Debug */,
				C17851CB29D2CD5000E6B440 /* Release */,
			);
			defaultConfigurationIsVisible = 0;
			defaultConfigurationName = Release;
		};
/* End XCConfigurationList section */

/* Begin XCRemoteSwiftPackageReference section */
		C103A23629DBEC3C00413799 /* XCRemoteSwiftPackageReference "Alamofire" */ = {
			isa = XCRemoteSwiftPackageReference;
			repositoryURL = "https://github.com/Alamofire/Alamofire.git";
			requirement = {
				kind = upToNextMajorVersion;
				minimumVersion = 5.0.0;
			};
		};
		C103A23929DBEC4900413799 /* XCRemoteSwiftPackageReference "AlamofireImage" */ = {
			isa = XCRemoteSwiftPackageReference;
			repositoryURL = "https://github.com/Alamofire/AlamofireImage.git";
			requirement = {
				kind = upToNextMajorVersion;
				minimumVersion = 4.0.0;
			};
		};
		C12ACC1329DB479C002604B8 /* XCRemoteSwiftPackageReference "Parse-Swift" */ = {
			isa = XCRemoteSwiftPackageReference;
			repositoryURL = "https://github.com/parse-community/Parse-Swift";
			requirement = {
				kind = upToNextMajorVersion;
				minimumVersion = 4.0.0;
			};
		};
/* End XCRemoteSwiftPackageReference section */

/* Begin XCSwiftPackageProductDependency section */
		C103A23729DBEC3C00413799 /* Alamofire */ = {
			isa = XCSwiftPackageProductDependency;
			package = C103A23629DBEC3C00413799 /* XCRemoteSwiftPackageReference "Alamofire" */;
			productName = Alamofire;
		};
		C103A23A29DBEC4900413799 /* AlamofireImage */ = {
			isa = XCSwiftPackageProductDependency;
			package = C103A23929DBEC4900413799 /* XCRemoteSwiftPackageReference "AlamofireImage" */;
			productName = AlamofireImage;
		};
		C12ACC1429DB479C002604B8 /* ParseSwift */ = {
			isa = XCSwiftPackageProductDependency;
			package = C12ACC1329DB479C002604B8 /* XCRemoteSwiftPackageReference "Parse-Swift" */;
			productName = ParseSwift;
		};
/* End XCSwiftPackageProductDependency section */
	};
	rootObject = C17851AD29D2CD4E00E6B440 /* Project object */;
}
